
Microsoft Visual Studio Solution File, Format Version 12.00
# Visual Studio 15
Project("{FAE04EC0-301F-11D3-BF4B-00C04F79EFBC}") = "Assembly-CSharp", "Assembly-CSharp.csproj", "{7B8B733A-EE30-8D3F-0598-5CA4E2470021}"
EndProject
Project("{FAE04EC0-301F-11D3-BF4B-00C04F79EFBC}") = "Assembly-CSharp-Editor", "Assembly-CSharp-Editor.csproj", "{17692D61-6F87-B1FF-6FDC-D5968C985692}"
EndProject
Global
	GlobalSection(SolutionConfigurationPlatforms) = preSolution
		Debug|Any CPU = Debug|Any CPU
		Release|Any CPU = Release|Any CPU
	EndGlobalSection
	GlobalSection(ProjectConfigurationPlatforms) = postSolution
		{7B8B733A-EE30-8D3F-0598-5CA4E2470021}.Debug|Any CPU.ActiveCfg = Debug|Any CPU
		{7B8B733A-EE30-8D3F-0598-5CA4E2470021}.Debug|Any CPU.Build.0 = Debug|Any CPU
		{7B8B733A-EE30-8D3F-0598-5CA4E2470021}.Release|Any CPU.ActiveCfg = Release|Any CPU
		{7B8B733A-EE30-8D3F-0598-5CA4E2470021}.Release|Any CPU.Build.0 = Release|Any CPU
		{17692D61-6F87-B1FF-6FDC-D5968C985692}.Debug|Any CPU.ActiveCfg = Debug|Any CPU
		{17692D61-6F87-B1FF-6FDC-D5968C985692}.Debug|Any CPU.Build.0 = Debug|Any CPU
		{17692D61-6F87-B1FF-6FDC-D5968C985692}.Release|Any CPU.ActiveCfg = Release|Any CPU
		{17692D61-6F87-B1FF-6FDC-D5968C985692}.Release|Any CPU.Build.0 = Release|Any CPU
	EndGlobalSection
	GlobalSection(SolutionProperties) = preSolution
		HideSolutionNode = FALSE
	EndGlobalSection
EndGlobal
